<?xml version="1.0" encoding="utf-8"?>
<Project ToolsVersion="4.0" xmlns="http://schemas.microsoft.com/developer/msbuild/2003">
  <ItemGroup>
    <Filter Include="Source Files">
      <UniqueIdentifier>{4FC737F1-C7A5-4376-A066-2A32D752A2FF}</UniqueIdentifier>
      <Extensions>cpp;c;cc;cxx;c++;cppm;ixx;def;odl;idl;hpj;bat;asm;asmx</Extensions>
    </Filter>
    <Filter Include="Header Files">
      <UniqueIdentifier>{93995380-89BD-4b04-88EB-625FBE52EBFB}</UniqueIdentifier>
      <Extensions>h;hh;hpp;hxx;h++;hm;inl;inc;ipp;xsd</Extensions>
    </Filter>
    <Filter Include="Resource Files">
      <UniqueIdentifier>{67DA6AB6-F800-4c08-8B7A-83BB121AAD01}</UniqueIdentifier>
      <Extensions>rc;ico;cur;bmp;dlg;rc2;rct;bin;rgs;gif;jpg;jpeg;jpe;resx;tiff;tif;png;wav;mfcribbon-ms</Extensions>
    </Filter>
  </ItemGroup>
  <ItemGroup>
    <ClInclude Include="board.h">
      <Filter>Header Files</Filter>
    </ClInclude>
    <ClInclude Include="cat.h">
      <Filter>Header Files</Filter>
    </ClInclude>
    <ClInclude Include="dog.h">
      <Filter>Header Files</Filter>
    </ClInclude>
    <ClInclude Include="elephant.h">
      <Filter>Header Files</Filter>
    </ClInclude>
    <ClInclude Include="fileman.h">
      <Filter>Header Files</Filter>
    </ClInclude>
    <ClInclude Include="game.h">
      <Filter>Header Files</Filter>
    </ClInclude>
    <ClInclude Include="human.h">
      <Filter>Header Files</Filter>
    </ClInclude>
    <ClInclude Include="jumper.h">
      <Filter>Header Files</Filter>
    </ClInclude>
    <ClInclude Include="leopard.h">
      <Filter>Header Files</Filter>
    </ClInclude>
    <ClInclude Include="lion.h">
      <Filter>Header Files</Filter>
    </ClInclude>
    <ClInclude Include="machine.h">
      <Filter>Header Files</Filter>
    </ClInclude>
    <ClInclude Include="piece.h">
      <Filter>Header Files</Filter>
    </ClInclude>
    <ClInclude Include="player.h">
      <Filter>Header Files</Filter>
    </ClInclude>
    <ClInclude Include="rat.h">
      <Filter>Header Files</Filter>
    </ClInclude>
    <ClInclude Include="tiger.h">
      <Filter>Header Files</Filter>
    </ClInclude>
    <ClInclude Include="wolf.h">
      <Filter>Header Files</Filter>
    </ClInclude>
  </ItemGroup>
  <ItemGroup>
    <ClCompile Include="board.cpp">
      <Filter>Source Files</Filter>
    </ClCompile>
    <ClCompile Include="cat.cpp">
      <Filter>Source Files</Filter>
    </ClCompile>
    <ClCompile Include="dog.cpp">
      <Filter>Source Files</Filter>
    </ClCompile>
    <ClCompile Include="elephant.cpp">
      <Filter>Source Files</Filter>
    </ClCompile>
    <ClCompile Include="fileman.cpp">
      <Filter>Source Files</Filter>
    </ClCompile>
    <ClCompile Include="game.cpp">
      <Filter>Source Files</Filter>
    </ClCompile>
    <ClCompile Include="human.cpp">
      <Filter>Source Files</Filter>
    </ClCompile>
    <ClCompile Include="jumper.cpp">
      <Filter>Source Files</Filter>
    </ClCompile>
    <ClCompile Include="jungle.cpp">
      <Filter>Source Files</Filter>
    </ClCompile>
    <ClCompile Include="leopard.cpp">
      <Filter>Source Files</Filter>
    </ClCompile>
    <ClCompile Include="lion.cpp">
      <Filter>Source Files</Filter>
    </ClCompile>
    <ClCompile Include="machine.cpp">
      <Filter>Source Files</Filter>
    </ClCompile>
    <ClCompile Include="piece.cpp">
      <Filter>Source Files</Filter>
    </ClCompile>
    <ClCompile Include="player.cpp">
      <Filter>Source Files</Filter>
    </ClCompile>
    <ClCompile Include="rat.cpp">
      <Filter>Source Files</Filter>
    </ClCompile>
    <ClCompile Include="tiger.cpp">
      <Filter>Source Files</Filter>
    </ClCompile>
    <ClCompile Include="wolf.cpp">
      <Filter>Source Files</Filter>
    </ClCompile>
  </ItemGroup>
</Project>